// !$*UTF8*$!
{
	archiveVersion = 1;
	classes = {
	};
	objectVersion = 46;
	objects = {

/* Begin PBXBuildFile section */
		F18B485C1730DC4700C44412 /* libdb_cxx-5.3.dylib in Frameworks */ = {isa = PBXBuildFile; fileRef = F18B485B1730DC4700C44412 /* libdb_cxx-5.3.dylib */; };
		F1ADE8AF1731C6D500A8FC40 /* JobCodec.cpp in Sources */ = {isa = PBXBuildFile; fileRef = F1ADE8AD1731C6D500A8FC40 /* JobCodec.cpp */; };
		F1ADE8B01731C6D500A8FC40 /* JobCodec.h in Headers */ = {isa = PBXBuildFile; fileRef = F1ADE8AE1731C6D500A8FC40 /* JobCodec.h */; };
		F1ADE8DC173238A100A8FC40 /* BerkleyQ.cpp in Sources */ = {isa = PBXBuildFile; fileRef = F1ADE8DA173238A100A8FC40 /* BerkleyQ.cpp */; };
		F1ADE8DD173238A100A8FC40 /* BerkleyQ.h in Headers */ = {isa = PBXBuildFile; fileRef = F1ADE8DB173238A100A8FC40 /* BerkleyQ.h */; };
		F1ADE8EF173238C000A8FC40 /* autolink.h in Headers */ = {isa = PBXBuildFile; fileRef = F1ADE8E0173238C000A8FC40 /* autolink.h */; };
		F1ADE8F0173238C000A8FC40 /* config.h in Headers */ = {isa = PBXBuildFile; fileRef = F1ADE8E1173238C000A8FC40 /* config.h */; };
		F1ADE8F1173238C000A8FC40 /* features.h in Headers */ = {isa = PBXBuildFile; fileRef = F1ADE8E2173238C000A8FC40 /* features.h */; };
		F1ADE8F2173238C000A8FC40 /* forwards.h in Headers */ = {isa = PBXBuildFile; fileRef = F1ADE8E3173238C000A8FC40 /* forwards.h */; };
		F1ADE8F3173238C000A8FC40 /* json.h in Headers */ = {isa = PBXBuildFile; fileRef = F1ADE8E4173238C000A8FC40 /* json.h */; };
		F1ADE8F4173238C000A8FC40 /* json_batchallocator.h in Headers */ = {isa = PBXBuildFile; fileRef = F1ADE8E5173238C000A8FC40 /* json_batchallocator.h */; };
		F1ADE8F5173238C000A8FC40 /* json_reader.cpp in Sources */ = {isa = PBXBuildFile; fileRef = F1ADE8E8173238C000A8FC40 /* json_reader.cpp */; };
		F1ADE8F6173238C000A8FC40 /* json_value.cpp in Sources */ = {isa = PBXBuildFile; fileRef = F1ADE8E9173238C000A8FC40 /* json_value.cpp */; };
		F1ADE8F7173238C000A8FC40 /* json_writer.cpp in Sources */ = {isa = PBXBuildFile; fileRef = F1ADE8EB173238C000A8FC40 /* json_writer.cpp */; };
		F1ADE8F8173238C000A8FC40 /* reader.h in Headers */ = {isa = PBXBuildFile; fileRef = F1ADE8EC173238C000A8FC40 /* reader.h */; };
		F1ADE8F9173238C000A8FC40 /* value.h in Headers */ = {isa = PBXBuildFile; fileRef = F1ADE8ED173238C000A8FC40 /* value.h */; };
		F1ADE8FA173238C000A8FC40 /* writer.h in Headers */ = {isa = PBXBuildFile; fileRef = F1ADE8EE173238C000A8FC40 /* writer.h */; };
		F1BD7809172D0C64007F9B4D /* Job.cpp in Sources */ = {isa = PBXBuildFile; fileRef = F1BD77FC172D0C64007F9B4D /* Job.cpp */; };
		F1BD780A172D0C64007F9B4D /* Job.h in Headers */ = {isa = PBXBuildFile; fileRef = F1BD77FD172D0C64007F9B4D /* Job.h */; };
		F1BD780B172D0C64007F9B4D /* JobError.cpp in Sources */ = {isa = PBXBuildFile; fileRef = F1BD77FE172D0C64007F9B4D /* JobError.cpp */; };
		F1BD780C172D0C64007F9B4D /* JobError.h in Headers */ = {isa = PBXBuildFile; fileRef = F1BD77FF172D0C64007F9B4D /* JobError.h */; };
		F1BD780D172D0C64007F9B4D /* Q.h in Headers */ = {isa = PBXBuildFile; fileRef = F1BD7800172D0C64007F9B4D /* Q.h */; };
		F1BD780E172D0C64007F9B4D /* Qlib.cpp in Sources */ = {isa = PBXBuildFile; fileRef = F1BD7801172D0C64007F9B4D /* Qlib.cpp */; };
		F1BD780F172D0C64007F9B4D /* Qlib.h in Headers */ = {isa = PBXBuildFile; fileRef = F1BD7802172D0C64007F9B4D /* Qlib.h */; };
		F1BD7811172D0C64007F9B4D /* TransientQ.cpp in Sources */ = {isa = PBXBuildFile; fileRef = F1BD7807172D0C64007F9B4D /* TransientQ.cpp */; };
		F1BD7812172D0C64007F9B4D /* TransientQ.h in Headers */ = {isa = PBXBuildFile; fileRef = F1BD7808172D0C64007F9B4D /* TransientQ.h */; };
		F1BD782C17304051007F9B4D /* QlibJava.cpp in Sources */ = {isa = PBXBuildFile; fileRef = F1BD782A17304050007F9B4D /* QlibJava.cpp */; };
		F1BD782D17304051007F9B4D /* QlibJava.h in Headers */ = {isa = PBXBuildFile; fileRef = F1BD782B17304051007F9B4D /* QlibJava.h */; };
		F1BD783017306DF1007F9B4D /* QFactory.cpp in Sources */ = {isa = PBXBuildFile; fileRef = F1BD782E17306DF0007F9B4D /* QFactory.cpp */; };
		F1BD783117306DF1007F9B4D /* QFactory.h in Headers */ = {isa = PBXBuildFile; fileRef = F1BD782F17306DF0007F9B4D /* QFactory.h */; };
		F1BD7834173075B1007F9B4D /* Logger.cpp in Sources */ = {isa = PBXBuildFile; fileRef = F1BD7832173075B1007F9B4D /* Logger.cpp */; };
		F1BD7835173075B1007F9B4D /* Logger.h in Headers */ = {isa = PBXBuildFile; fileRef = F1BD7833173075B1007F9B4D /* Logger.h */; };
		F1BD783E173097DE007F9B4D /* RedisQ.cpp in Sources */ = {isa = PBXBuildFile; fileRef = F1BD783C173097DE007F9B4D /* RedisQ.cpp */; };
		F1BD783F173097DE007F9B4D /* RedisQ.h in Headers */ = {isa = PBXBuildFile; fileRef = F1BD783D173097DE007F9B4D /* RedisQ.h */; };
		F1BD78411730B3D2007F9B4D /* Q.cpp in Sources */ = {isa = PBXBuildFile; fileRef = F1BD78401730B3D1007F9B4D /* Q.cpp */; };
/* End PBXBuildFile section */

/* Begin PBXFileReference section */
		F18B485B1730DC4700C44412 /* libdb_cxx-5.3.dylib */ = {isa = PBXFileReference; lastKnownFileType = "compiled.mach-o.dylib"; name = "libdb_cxx-5.3.dylib"; path = "../../../../../../usr/local/lib/libdb_cxx-5.3.dylib"; sourceTree = "<group>"; };
		F1ADE8AD1731C6D500A8FC40 /* JobCodec.cpp */ = {isa = PBXFileReference; fileEncoding = 4; lastKnownFileType = sourcecode.cpp.cpp; path = JobCodec.cpp; sourceTree = "<group>"; };
		F1ADE8AE1731C6D500A8FC40 /* JobCodec.h */ = {isa = PBXFileReference; fileEncoding = 4; lastKnownFileType = sourcecode.c.h; path = JobCodec.h; sourceTree = "<group>"; };
		F1ADE8DA173238A100A8FC40 /* BerkleyQ.cpp */ = {isa = PBXFileReference; fileEncoding = 4; lastKnownFileType = sourcecode.cpp.cpp; path = BerkleyQ.cpp; sourceTree = "<group>"; };
		F1ADE8DB173238A100A8FC40 /* BerkleyQ.h */ = {isa = PBXFileReference; fileEncoding = 4; lastKnownFileType = sourcecode.c.h; path = BerkleyQ.h; sourceTree = "<group>"; };
		F1ADE8E0173238C000A8FC40 /* autolink.h */ = {isa = PBXFileReference; fileEncoding = 4; lastKnownFileType = sourcecode.c.h; path = autolink.h; sourceTree = "<group>"; };
		F1ADE8E1173238C000A8FC40 /* config.h */ = {isa = PBXFileReference; fileEncoding = 4; lastKnownFileType = sourcecode.c.h; path = config.h; sourceTree = "<group>"; };
		F1ADE8E2173238C000A8FC40 /* features.h */ = {isa = PBXFileReference; fileEncoding = 4; lastKnownFileType = sourcecode.c.h; path = features.h; sourceTree = "<group>"; };
		F1ADE8E3173238C000A8FC40 /* forwards.h */ = {isa = PBXFileReference; fileEncoding = 4; lastKnownFileType = sourcecode.c.h; path = forwards.h; sourceTree = "<group>"; };
		F1ADE8E4173238C000A8FC40 /* json.h */ = {isa = PBXFileReference; fileEncoding = 4; lastKnownFileType = sourcecode.c.h; path = json.h; sourceTree = "<group>"; };
		F1ADE8E5173238C000A8FC40 /* json_batchallocator.h */ = {isa = PBXFileReference; fileEncoding = 4; lastKnownFileType = sourcecode.c.h; path = json_batchallocator.h; sourceTree = "<group>"; };
		F1ADE8E6173238C000A8FC40 /* json_internalarray.inl */ = {isa = PBXFileReference; fileEncoding = 4; lastKnownFileType = text; path = json_internalarray.inl; sourceTree = "<group>"; };
		F1ADE8E7173238C000A8FC40 /* json_internalmap.inl */ = {isa = PBXFileReference; fileEncoding = 4; lastKnownFileType = text; path = json_internalmap.inl; sourceTree = "<group>"; };
		F1ADE8E8173238C000A8FC40 /* json_reader.cpp */ = {isa = PBXFileReference; fileEncoding = 4; lastKnownFileType = sourcecode.cpp.cpp; path = json_reader.cpp; sourceTree = "<group>"; };
		F1ADE8E9173238C000A8FC40 /* json_value.cpp */ = {isa = PBXFileReference; fileEncoding = 4; lastKnownFileType = sourcecode.cpp.cpp; path = json_value.cpp; sourceTree = "<group>"; };
		F1ADE8EA173238C000A8FC40 /* json_valueiterator.inl */ = {isa = PBXFileReference; fileEncoding = 4; lastKnownFileType = text; path = json_valueiterator.inl; sourceTree = "<group>"; };
		F1ADE8EB173238C000A8FC40 /* json_writer.cpp */ = {isa = PBXFileReference; fileEncoding = 4; lastKnownFileType = sourcecode.cpp.cpp; path = json_writer.cpp; sourceTree = "<group>"; };
		F1ADE8EC173238C000A8FC40 /* reader.h */ = {isa = PBXFileReference; fileEncoding = 4; lastKnownFileType = sourcecode.c.h; path = reader.h; sourceTree = "<group>"; };
		F1ADE8ED173238C000A8FC40 /* value.h */ = {isa = PBXFileReference; fileEncoding = 4; lastKnownFileType = sourcecode.c.h; path = value.h; sourceTree = "<group>"; };
		F1ADE8EE173238C000A8FC40 /* writer.h */ = {isa = PBXFileReference; fileEncoding = 4; lastKnownFileType = sourcecode.c.h; path = writer.h; sourceTree = "<group>"; };
		F1BD77F3172D0C3E007F9B4D /* libq.dylib */ = {isa = PBXFileReference; explicitFileType = "compiled.mach-o.dylib"; includeInIndex = 0; path = libq.dylib; sourceTree = BUILT_PRODUCTS_DIR; };
		F1BD77FC172D0C64007F9B4D /* Job.cpp */ = {isa = PBXFileReference; fileEncoding = 4; lastKnownFileType = sourcecode.cpp.cpp; path = Job.cpp; sourceTree = "<group>"; };
		F1BD77FD172D0C64007F9B4D /* Job.h */ = {isa = PBXFileReference; fileEncoding = 4; lastKnownFileType = sourcecode.c.h; path = Job.h; sourceTree = "<group>"; };
		F1BD77FE172D0C64007F9B4D /* JobError.cpp */ = {isa = PBXFileReference; fileEncoding = 4; lastKnownFileType = sourcecode.cpp.cpp; path = JobError.cpp; sourceTree = "<group>"; };
		F1BD77FF172D0C64007F9B4D /* JobError.h */ = {isa = PBXFileReference; fileEncoding = 4; lastKnownFileType = sourcecode.c.h; path = JobError.h; sourceTree = "<group>"; };
		F1BD7800172D0C64007F9B4D /* Q.h */ = {isa = PBXFileReference; fileEncoding = 4; lastKnownFileType = sourcecode.c.h; path = Q.h; sourceTree = "<group>"; };
		F1BD7801172D0C64007F9B4D /* Qlib.cpp */ = {isa = PBXFileReference; fileEncoding = 4; lastKnownFileType = sourcecode.cpp.cpp; path = Qlib.cpp; sourceTree = "<group>"; };
		F1BD7802172D0C64007F9B4D /* Qlib.h */ = {isa = PBXFileReference; fileEncoding = 4; lastKnownFileType = sourcecode.c.h; path = Qlib.h; sourceTree = "<group>"; };
		F1BD7807172D0C64007F9B4D /* TransientQ.cpp */ = {isa = PBXFileReference; fileEncoding = 4; lastKnownFileType = sourcecode.cpp.cpp; path = TransientQ.cpp; sourceTree = "<group>"; };
		F1BD7808172D0C64007F9B4D /* TransientQ.h */ = {isa = PBXFileReference; fileEncoding = 4; lastKnownFileType = sourcecode.c.h; path = TransientQ.h; sourceTree = "<group>"; };
		F1BD782A17304050007F9B4D /* QlibJava.cpp */ = {isa = PBXFileReference; fileEncoding = 4; lastKnownFileType = sourcecode.cpp.cpp; path = QlibJava.cpp; sourceTree = "<group>"; };
		F1BD782B17304051007F9B4D /* QlibJava.h */ = {isa = PBXFileReference; fileEncoding = 4; lastKnownFileType = sourcecode.c.h; path = QlibJava.h; sourceTree = "<group>"; };
		F1BD782E17306DF0007F9B4D /* QFactory.cpp */ = {isa = PBXFileReference; fileEncoding = 4; lastKnownFileType = sourcecode.cpp.cpp; path = QFactory.cpp; sourceTree = "<group>"; };
		F1BD782F17306DF0007F9B4D /* QFactory.h */ = {isa = PBXFileReference; fileEncoding = 4; lastKnownFileType = sourcecode.c.h; path = QFactory.h; sourceTree = "<group>"; };
		F1BD7832173075B1007F9B4D /* Logger.cpp */ = {isa = PBXFileReference; fileEncoding = 4; lastKnownFileType = sourcecode.cpp.cpp; path = Logger.cpp; sourceTree = "<group>"; };
		F1BD7833173075B1007F9B4D /* Logger.h */ = {isa = PBXFileReference; fileEncoding = 4; lastKnownFileType = sourcecode.c.h; path = Logger.h; sourceTree = "<group>"; };
		F1BD783C173097DE007F9B4D /* RedisQ.cpp */ = {isa = PBXFileReference; fileEncoding = 4; lastKnownFileType = sourcecode.cpp.cpp; path = RedisQ.cpp; sourceTree = "<group>"; };
		F1BD783D173097DE007F9B4D /* RedisQ.h */ = {isa = PBXFileReference; fileEncoding = 4; lastKnownFileType = sourcecode.c.h; path = RedisQ.h; sourceTree = "<group>"; };
		F1BD78401730B3D1007F9B4D /* Q.cpp */ = {isa = PBXFileReference; fileEncoding = 4; lastKnownFileType = sourcecode.cpp.cpp; path = Q.cpp; sourceTree = "<group>"; };
/* End PBXFileReference section */

/* Begin PBXFrameworksBuildPhase section */
		F1BD77F0172D0C3E007F9B4D /* Frameworks */ = {
			isa = PBXFrameworksBuildPhase;
			buildActionMask = 2147483647;
			files = (
				F18B485C1730DC4700C44412 /* libdb_cxx-5.3.dylib in Frameworks */,
			);
			runOnlyForDeploymentPostprocessing = 0;
		};
/* End PBXFrameworksBuildPhase section */

/* Begin PBXGroup section */
		F18B485A1730DC0E00C44412 /* Frameworks */ = {
			isa = PBXGroup;
			children = (
				F18B485B1730DC4700C44412 /* libdb_cxx-5.3.dylib */,
			);
			name = Frameworks;
			sourceTree = "<group>";
		};
		F1ADE8D9173238A100A8FC40 /* berkeley */ = {
			isa = PBXGroup;
			children = (
				F1ADE8DA173238A100A8FC40 /* BerkleyQ.cpp */,
				F1ADE8DB173238A100A8FC40 /* BerkleyQ.h */,
			);
			path = berkeley;
			sourceTree = "<group>";
		};
		F1ADE8DE173238C000A8FC40 /* 3rd-party */ = {
			isa = PBXGroup;
			children = (
				F1ADE8DF173238C000A8FC40 /* json */,
			);
			path = "3rd-party";
			sourceTree = "<group>";
		};
		F1ADE8DF173238C000A8FC40 /* json */ = {
			isa = PBXGroup;
			children = (
				F1ADE8E0173238C000A8FC40 /* autolink.h */,
				F1ADE8E1173238C000A8FC40 /* config.h */,
				F1ADE8E2173238C000A8FC40 /* features.h */,
				F1ADE8E3173238C000A8FC40 /* forwards.h */,
				F1ADE8E4173238C000A8FC40 /* json.h */,
				F1ADE8E5173238C000A8FC40 /* json_batchallocator.h */,
				F1ADE8E6173238C000A8FC40 /* json_internalarray.inl */,
				F1ADE8E7173238C000A8FC40 /* json_internalmap.inl */,
				F1ADE8E8173238C000A8FC40 /* json_reader.cpp */,
				F1ADE8E9173238C000A8FC40 /* json_value.cpp */,
				F1ADE8EA173238C000A8FC40 /* json_valueiterator.inl */,
				F1ADE8EB173238C000A8FC40 /* json_writer.cpp */,
				F1ADE8EC173238C000A8FC40 /* reader.h */,
				F1ADE8ED173238C000A8FC40 /* value.h */,
				F1ADE8EE173238C000A8FC40 /* writer.h */,
			);
			path = json;
			sourceTree = "<group>";
		};
		F1BD77EA172D0C3E007F9B4D = {
			isa = PBXGroup;
			children = (
				F1BD77FA172D0C64007F9B4D /* src */,
				F18B485A1730DC0E00C44412 /* Frameworks */,
				F1BD77F4172D0C3E007F9B4D /* Products */,
			);
			sourceTree = "<group>";
		};
		F1BD77F4172D0C3E007F9B4D /* Products */ = {
			isa = PBXGroup;
			children = (
				F1BD77F3172D0C3E007F9B4D /* libq.dylib */,
			);
			name = Products;
			sourceTree = "<group>";
		};
		F1BD77FA172D0C64007F9B4D /* src */ = {
			isa = PBXGroup;
			children = (
				F1BD77FB172D0C64007F9B4D /* core */,
				F1BD7806172D0C64007F9B4D /* transient */,
				F1ADE8D9173238A100A8FC40 /* berkeley */,
				F1BD7805172D0C64007F9B4D /* redis */,
				F1ADE8DE173238C000A8FC40 /* 3rd-party */,
			);
			path = src;
			sourceTree = "<group>";
		};
		F1BD77FB172D0C64007F9B4D /* core */ = {
			isa = PBXGroup;
			children = (
				F1BD7802172D0C64007F9B4D /* Qlib.h */,
				F1BD7801172D0C64007F9B4D /* Qlib.cpp */,
				F1BD782B17304051007F9B4D /* QlibJava.h */,
				F1BD782A17304050007F9B4D /* QlibJava.cpp */,
				F1BD782F17306DF0007F9B4D /* QFactory.h */,
				F1BD782E17306DF0007F9B4D /* QFactory.cpp */,
				F1BD7800172D0C64007F9B4D /* Q.h */,
				F1BD78401730B3D1007F9B4D /* Q.cpp */,
				F1BD77FD172D0C64007F9B4D /* Job.h */,
				F1BD77FC172D0C64007F9B4D /* Job.cpp */,
				F1ADE8AE1731C6D500A8FC40 /* JobCodec.h */,
				F1ADE8AD1731C6D500A8FC40 /* JobCodec.cpp */,
				F1BD77FF172D0C64007F9B4D /* JobError.h */,
				F1BD77FE172D0C64007F9B4D /* JobError.cpp */,
				F1BD7833173075B1007F9B4D /* Logger.h */,
				F1BD7832173075B1007F9B4D /* Logger.cpp */,
			);
			path = core;
			sourceTree = "<group>";
		};
		F1BD7805172D0C64007F9B4D /* redis */ = {
			isa = PBXGroup;
			children = (
				F1BD783D173097DE007F9B4D /* RedisQ.h */,
				F1BD783C173097DE007F9B4D /* RedisQ.cpp */,
			);
			path = redis;
			sourceTree = "<group>";
		};
		F1BD7806172D0C64007F9B4D /* transient */ = {
			isa = PBXGroup;
			children = (
				F1BD7808172D0C64007F9B4D /* TransientQ.h */,
				F1BD7807172D0C64007F9B4D /* TransientQ.cpp */,
			);
			path = transient;
			sourceTree = "<group>";
		};
/* End PBXGroup section */

/* Begin PBXHeadersBuildPhase section */
		F1BD77F1172D0C3E007F9B4D /* Headers */ = {
			isa = PBXHeadersBuildPhase;
			buildActionMask = 2147483647;
			files = (
				F1BD780A172D0C64007F9B4D /* Job.h in Headers */,
				F1BD780C172D0C64007F9B4D /* JobError.h in Headers */,
				F1BD780D172D0C64007F9B4D /* Q.h in Headers */,
				F1BD780F172D0C64007F9B4D /* Qlib.h in Headers */,
				F1BD7812172D0C64007F9B4D /* TransientQ.h in Headers */,
				F1BD782D17304051007F9B4D /* QlibJava.h in Headers */,
				F1BD783117306DF1007F9B4D /* QFactory.h in Headers */,
				F1BD7835173075B1007F9B4D /* Logger.h in Headers */,
				F1BD783F173097DE007F9B4D /* RedisQ.h in Headers */,
				F1ADE8B01731C6D500A8FC40 /* JobCodec.h in Headers */,
				F1ADE8DD173238A100A8FC40 /* BerkleyQ.h in Headers */,
				F1ADE8EF173238C000A8FC40 /* autolink.h in Headers */,
				F1ADE8F0173238C000A8FC40 /* config.h in Headers */,
				F1ADE8F1173238C000A8FC40 /* features.h in Headers */,
				F1ADE8F2173238C000A8FC40 /* forwards.h in Headers */,
				F1ADE8F3173238C000A8FC40 /* json.h in Headers */,
				F1ADE8F4173238C000A8FC40 /* json_batchallocator.h in Headers */,
				F1ADE8F8173238C000A8FC40 /* reader.h in Headers */,
				F1ADE8F9173238C000A8FC40 /* value.h in Headers */,
				F1ADE8FA173238C000A8FC40 /* writer.h in Headers */,
			);
			runOnlyForDeploymentPostprocessing = 0;
		};
/* End PBXHeadersBuildPhase section */

/* Begin PBXNativeTarget section */
		F1BD77F2172D0C3E007F9B4D /* q */ = {
			isa = PBXNativeTarget;
			buildConfigurationList = F1BD77F7172D0C3E007F9B4D /* Build configuration list for PBXNativeTarget "q" */;
			buildPhases = (
				F1BD77EF172D0C3E007F9B4D /* Sources */,
				F1BD77F0172D0C3E007F9B4D /* Frameworks */,
				F1BD77F1172D0C3E007F9B4D /* Headers */,
			);
			buildRules = (
			);
			dependencies = (
			);
			name = q;
			productName = q;
			productReference = F1BD77F3172D0C3E007F9B4D /* libq.dylib */;
			productType = "com.apple.product-type.library.dynamic";
		};
/* End PBXNativeTarget section */

/* Begin PBXProject section */
		F1BD77EB172D0C3E007F9B4D /* Project object */ = {
			isa = PBXProject;
			attributes = {
				LastUpgradeCheck = 0460;
				ORGANIZATIONNAME = "Tomer Doron";
			};
			buildConfigurationList = F1BD77EE172D0C3E007F9B4D /* Build configuration list for PBXProject "q" */;
			compatibilityVersion = "Xcode 3.2";
			developmentRegion = English;
			hasScannedForEncodings = 0;
			knownRegions = (
				en,
			);
			mainGroup = F1BD77EA172D0C3E007F9B4D;
			productRefGroup = F1BD77F4172D0C3E007F9B4D /* Products */;
			projectDirPath = "";
			projectRoot = "";
			targets = (
				F1BD77F2172D0C3E007F9B4D /* q */,
			);
		};
/* End PBXProject section */

/* Begin PBXSourcesBuildPhase section */
		F1BD77EF172D0C3E007F9B4D /* Sources */ = {
			isa = PBXSourcesBuildPhase;
			buildActionMask = 2147483647;
			files = (
				F1BD7809172D0C64007F9B4D /* Job.cpp in Sources */,
				F1BD780B172D0C64007F9B4D /* JobError.cpp in Sources */,
				F1BD780E172D0C64007F9B4D /* Qlib.cpp in Sources */,
				F1BD7811172D0C64007F9B4D /* TransientQ.cpp in Sources */,
				F1BD782C17304051007F9B4D /* QlibJava.cpp in Sources */,
				F1BD783017306DF1007F9B4D /* QFactory.cpp in Sources */,
				F1BD7834173075B1007F9B4D /* Logger.cpp in Sources */,
				F1BD783E173097DE007F9B4D /* RedisQ.cpp in Sources */,
				F1BD78411730B3D2007F9B4D /* Q.cpp in Sources */,
				F1ADE8AF1731C6D500A8FC40 /* JobCodec.cpp in Sources */,
				F1ADE8DC173238A100A8FC40 /* BerkleyQ.cpp in Sources */,
				F1ADE8F5173238C000A8FC40 /* json_reader.cpp in Sources */,
				F1ADE8F6173238C000A8FC40 /* json_value.cpp in Sources */,
				F1ADE8F7173238C000A8FC40 /* json_writer.cpp in Sources */,
			);
			runOnlyForDeploymentPostprocessing = 0;
		};
/* End PBXSourcesBuildPhase section */

/* Begin XCBuildConfiguration section */
		F1BD77F5172D0C3E007F9B4D /* Debug */ = {
			isa = XCBuildConfiguration;
			buildSettings = {
				ARCHS = "$(ARCHS_STANDARD_64_BIT)";
				CLANG_CXX_LANGUAGE_STANDARD = "gnu++0x";
				CLANG_CXX_LIBRARY = "libc++";
				CLANG_ENABLE_OBJC_ARC = YES;
				CLANG_WARN_CONSTANT_CONVERSION = YES;
				CLANG_WARN_EMPTY_BODY = YES;
				CLANG_WARN_ENUM_CONVERSION = YES;
				CLANG_WARN_INT_CONVERSION = YES;
				CLANG_WARN__DUPLICATE_METHOD_MATCH = YES;
				COPY_PHASE_STRIP = NO;
				GCC_C_LANGUAGE_STANDARD = gnu99;
				GCC_DYNAMIC_NO_PIC = NO;
				GCC_ENABLE_OBJC_EXCEPTIONS = YES;
				GCC_OPTIMIZATION_LEVEL = 0;
				GCC_PREPROCESSOR_DEFINITIONS = (
					"DEBUG=1",
					"$(inherited)",
				);
				GCC_SYMBOLS_PRIVATE_EXTERN = NO;
				GCC_WARN_64_TO_32_BIT_CONVERSION = YES;
				GCC_WARN_ABOUT_RETURN_TYPE = YES;
				GCC_WARN_UNINITIALIZED_AUTOS = YES;
				GCC_WARN_UNUSED_VARIABLE = YES;
				HEADER_SEARCH_PATHS = /usr/local/include;
				LIBRARY_SEARCH_PATHS = /usr/local/lib;
				MACOSX_DEPLOYMENT_TARGET = 10.8;
				ONLY_ACTIVE_ARCH = YES;
				SDKROOT = macosx;
			};
			name = Debug;
		};
		F1BD77F6172D0C3E007F9B4D /* Release */ = {
			isa = XCBuildConfiguration;
			buildSettings = {
				ARCHS = "$(ARCHS_STANDARD_64_BIT)";
				CLANG_CXX_LANGUAGE_STANDARD = "gnu++0x";
				CLANG_CXX_LIBRARY = "libc++";
				CLANG_ENABLE_OBJC_ARC = YES;
				CLANG_WARN_CONSTANT_CONVERSION = YES;
				CLANG_WARN_EMPTY_BODY = YES;
				CLANG_WARN_ENUM_CONVERSION = YES;
				CLANG_WARN_INT_CONVERSION = YES;
				CLANG_WARN__DUPLICATE_METHOD_MATCH = YES;
				COPY_PHASE_STRIP = YES;
				DEBUG_INFORMATION_FORMAT = "dwarf-with-dsym";
				GCC_C_LANGUAGE_STANDARD = gnu99;
				GCC_ENABLE_OBJC_EXCEPTIONS = YES;
				GCC_WARN_64_TO_32_BIT_CONVERSION = YES;
				GCC_WARN_ABOUT_RETURN_TYPE = YES;
				GCC_WARN_UNINITIALIZED_AUTOS = YES;
				GCC_WARN_UNUSED_VARIABLE = YES;
				HEADER_SEARCH_PATHS = /usr/local/include;
				LIBRARY_SEARCH_PATHS = /usr/local/lib;
				MACOSX_DEPLOYMENT_TARGET = 10.8;
				SDKROOT = macosx;
			};
			name = Release;
		};
		F1BD77F8172D0C3E007F9B4D /* Debug */ = {
			isa = XCBuildConfiguration;
			buildSettings = {
				EXECUTABLE_PREFIX = lib;
				PRODUCT_NAME = "$(TARGET_NAME)";
			};
			name = Debug;
		};
		F1BD77F9172D0C3E007F9B4D /* Release */ = {
			isa = XCBuildConfiguration;
			buildSettings = {
				EXECUTABLE_PREFIX = lib;
				PRODUCT_NAME = "$(TARGET_NAME)";
			};
			name = Release;
		};
/* End XCBuildConfiguration section */

/* Begin XCConfigurationList section */
		F1BD77EE172D0C3E007F9B4D /* Build configuration list for PBXProject "q" */ = {
			isa = XCConfigurationList;
			buildConfigurations = (
				F1BD77F5172D0C3E007F9B4D /* Debug */,
				F1BD77F6172D0C3E007F9B4D /* Release */,
			);
			defaultConfigurationIsVisible = 0;
			defaultConfigurationName = Release;
		};
		F1BD77F7172D0C3E007F9B4D /* Build configuration list for PBXNativeTarget "q" */ = {
			isa = XCConfigurationList;
			buildConfigurations = (
				F1BD77F8172D0C3E007F9B4D /* Debug */,
				F1BD77F9172D0C3E007F9B4D /* Release */,
			);
			defaultConfigurationIsVisible = 0;
			defaultConfigurationName = Release;
		};
/* End XCConfigurationList section */
	};
	rootObject = F1BD77EB172D0C3E007F9B4D /* Project object */;
}
